// !$*UTF8*$!
{
	archiveVersion = 1;
	classes = {
	};
	objectVersion = 77;
	objects = {

/* Begin PBXBuildFile section */
		419660E92F5F305E007E59DE /* OCMock in Frameworks */ = {isa = PBXBuildFile; productRef = 419660E82F5F305E007E59DE /* OCMock */; };
/* End PBXBuildFile section */

/* Begin PBXContainerItemProxy section */
		419660E22F5F3040007E59DE /* PBXContainerItemProxy */ = {
			isa = PBXContainerItemProxy;
			containerPortal = 412F31752F5EE380002B150F /* Project object */;
			proxyType = 1;
			remoteGlobalIDString = 412F317C2F5EE380002B150F;
			remoteInfo = WifiGrapher;
		};
/* End PBXContainerItemProxy section */

/* Begin PBXFileReference section */
		412F317D2F5EE380002B150F /* WifiGrapher.app */ = {isa = PBXFileReference; explicitFileType = wrapper.application; includeInIndex = 0; path = WifiGrapher.app; sourceTree = BUILT_PRODUCTS_DIR; };
		419660DE2F5F3040007E59DE /* WifiGrapherTests.xctest */ = {isa = PBXFileReference; explicitFileType = wrapper.cfbundle; includeInIndex = 0; path = WifiGrapherTests.xctest; sourceTree = BUILT_PRODUCTS_DIR; };
/* End PBXFileReference section */

/* Begin PBXFileSystemSynchronizedBuildFileExceptionSet section */
		412F31932F5EEF34002B150F /* Exceptions for "WifiGrapher" folder in "WifiGrapher" target */ = {
			isa = PBXFileSystemSynchronizedBuildFileExceptionSet;
			membershipExceptions = (
				WifiDataScannerTests.m,
			);
			target = 412F317C2F5EE380002B150F /* WifiGrapher */;
		};
		419660EB2F5F3144007E59DE /* Exceptions for "WifiGrapher" folder in "WifiGrapherTests" target */ = {
			isa = PBXFileSystemSynchronizedBuildFileExceptionSet;
			membershipExceptions = (
				WifiDataScannerTests.m,
			);
			target = 419660DD2F5F3040007E59DE /* WifiGrapherTests */;
		};
/* End PBXFileSystemSynchronizedBuildFileExceptionSet section */

/* Begin PBXFileSystemSynchronizedRootGroup section */
		412F317F2F5EE380002B150F /* WifiGrapher */ = {
			isa = PBXFileSystemSynchronizedRootGroup;
			exceptions = (
				412F31932F5EEF34002B150F /* Exceptions for "WifiGrapher" folder in "WifiGrapher" target */,
				419660EB2F5F3144007E59DE /* Exceptions for "WifiGrapher" folder in "WifiGrapherTests" target */,
			);
			path = WifiGrapher;
			sourceTree = "<group>";
		};
		419660DF2F5F3040007E59DE /* WifiGrapherTests */ = {
			isa = PBXFileSystemSynchronizedRootGroup;
			path = WifiGrapherTests;
			sourceTree = "<group>";
		};
/* End PBXFileSystemSynchronizedRootGroup section */

/* Begin PBXFrameworksBuildPhase section */
		412F317A2F5EE380002B150F /* Frameworks */ = {
			isa = PBXFrameworksBuildPhase;
			buildActionMask = 2147483647;
			files = (
			);
			runOnlyForDeploymentPostprocessing = 0;
		};
		419660DB2F5F3040007E59DE /* Frameworks */ = {
			isa = PBXFrameworksBuildPhase;
			buildActionMask = 2147483647;
			files = (
				419660E92F5F305E007E59DE /* OCMock in Frameworks */,
			);
			runOnlyForDeploymentPostprocessing = 0;
		};
/* End PBXFrameworksBuildPhase section */

/* Begin PBXGroup section */
		412F31742F5EE380002B150F = {
			isa = PBXGroup;
			children = (
				412F317F2F5EE380002B150F /* WifiGrapher */,
				419660DF2F5F3040007E59DE /* WifiGrapherTests */,
				419660E72F5F305E007E59DE /* Frameworks */,
				412F317E2F5EE380002B150F /* Products */,
			);
			sourceTree = "<group>";
		};
		412F317E2F5EE380002B150F /* Products */ = {
			isa = PBXGroup;
			children = (
				412F317D2F5EE380002B150F /* WifiGrapher.app */,
				419660DE2F5F3040007E59DE /* WifiGrapherTests.xctest */,
			);
			name = Products;
			sourceTree = "<group>";
		};
		419660E72F5F305E007E59DE /* Frameworks */ = {
			isa = PBXGroup;
			children = (
			);
			name = Frameworks;
			sourceTree = "<group>";
		};
/* End PBXGroup section */

/* Begin PBXNativeTarget section */
		412F317C2F5EE380002B150F /* WifiGrapher */ = {
			isa = PBXNativeTarget;
			buildConfigurationList = 412F31882F5EE380002B150F /* Build configuration list for PBXNativeTarget "WifiGrapher" */;
			buildPhases = (
				412F31792F5EE380002B150F /* Sources */,
				412F317A2F5EE380002B150F /* Frameworks */,
				412F317B2F5EE380002B150F /* Resources */,
			);
			buildRules = (
			);
			dependencies = (
			);
			fileSystemSynchronizedGroups = (
				412F317F2F5EE380002B150F /* WifiGrapher */,
			);
			name = WifiGrapher;
			packageProductDependencies = (
			);
			productName = WifiGrapher;
			productReference = 412F317D2F5EE380002B150F /* WifiGrapher.app */;
			productType = "com.apple.product-type.application";
		};
		419660DD2F5F3040007E59DE /* WifiGrapherTests */ = {
			isa = PBXNativeTarget;
			buildConfigurationList = 419660E42F5F3040007E59DE /* Build configuration list for PBXNativeTarget "WifiGrapherTests" */;
			buildPhases = (
				419660DA2F5F3040007E59DE /* Sources */,
				419660DB2F5F3040007E59DE /* Frameworks */,
				419660DC2F5F3040007E59DE /* Resources */,
			);
			buildRules = (
			);
			dependencies = (
				419660E32F5F3040007E59DE /* PBXTargetDependency */,
			);
			fileSystemSynchronizedGroups = (
				419660DF2F5F3040007E59DE /* WifiGrapherTests */,
			);
			name = WifiGrapherTests;
			packageProductDependencies = (
				419660E82F5F305E007E59DE /* OCMock */,
			);
			productName = WifiGrapherTests;
			productReference = 419660DE2F5F3040007E59DE /* WifiGrapherTests.xctest */;
			productType = "com.apple.product-type.bundle.unit-test";
		};
/* End PBXNativeTarget section */

/* Begin PBXProject section */
		412F31752F5EE380002B150F /* Project object */ = {
			isa = PBXProject;
			attributes = {
				BuildIndependentTargetsInParallel = 1;
				LastSwiftUpdateCheck = 2630;
				LastUpgradeCheck = 2630;
				TargetAttributes = {
					412F317C2F5EE380002B150F = {
						CreatedOnToolsVersion = 26.3;
						LastSwiftMigration = 2630;
					};
					419660DD2F5F3040007E59DE = {
						CreatedOnToolsVersion = 26.3;
						TestTargetID = 412F317C2F5EE380002B150F;
					};
				};
			};
			buildConfigurationList = 412F31782F5EE380002B150F /* Build configuration list for PBXProject "WifiGrapher" */;
			developmentRegion = en;
			hasScannedForEncodings = 0;
			knownRegions = (
				en,
				Base,
			);
			mainGroup = 412F31742F5EE380002B150F;
			minimizedProjectReferenceProxies = 1;
			packageReferences = (
				419660D92F5F2CB9007E59DE /* XCRemoteSwiftPackageReference "ocmock" */,
			);
			preferredProjectObjectVersion = 77;
			productRefGroup = 412F317E2F5EE380002B150F /* Products */;
			projectDirPath = "";
			projectRoot = "";
			targets = (
				412F317C2F5EE380002B150F /* WifiGrapher */,
				419660DD2F5F3040007E59DE /* WifiGrapherTests */,
			);
		};
/* End PBXProject section */

/* Begin PBXResourcesBuildPhase section */
		412F317B2F5EE380002B150F /* Resources */ = {
			isa = PBXResourcesBuildPhase;
			buildActionMask = 2147483647;
			files = (
			);
			runOnlyForDeploymentPostprocessing = 0;
		};
		419660DC2F5F3040007E59DE /* Resources */ = {
			isa = PBXResourcesBuildPhase;
			buildActionMask = 2147483647;
			files = (
			);
			runOnlyForDeploymentPostprocessing = 0;
		};
/* End PBXResourcesBuildPhase section */

/* Begin PBXSourcesBuildPhase section */
		412F31792F5EE380002B150F /* Sources */ = {
			isa = PBXSourcesBuildPhase;
			buildActionMask = 2147483647;
			files = (
			);
			runOnlyForDeploymentPostprocessing = 0;
		};
		419660DA2F5F3040007E59DE /* Sources */ = {
			isa = PBXSourcesBuildPhase;
			buildActionMask = 2147483647;
			files = (
			);
			runOnlyForDeploymentPostprocessing = 0;
		};
/* End PBXSourcesBuildPhase section */

/* Begin PBXTargetDependency section */
		419660E32F5F3040007E59DE /* PBXTargetDependency */ = {
			isa = PBXTargetDependency;
			target = 412F317C2F5EE380002B150F /* WifiGrapher */;
			targetProxy = 419660E22F5F3040007E59DE /* PBXContainerItemProxy */;
		};
/* End PBXTargetDependency section */

/* Begin XCBuildConfiguration section */
		412F31862F5EE380002B150F /* Debug */ = {
			isa = XCBuildConfiguration;
			buildSettings = {
				ALWAYS_SEARCH_USER_PATHS = NO;
				ASSETCATALOG_COMPILER_GENERATE_SWIFT_ASSET_SYMBOL_EXTENSIONS = YES;
				CLANG_ANALYZER_NONNULL = YES;
				CLANG_ANALYZER_NUMBER_OBJECT_CONVERSION = YES_AGGRESSIVE;
				CLANG_CXX_LANGUAGE_STANDARD = "gnu++20";
				CLANG_ENABLE_MODULES = YES;
				CLANG_ENABLE_OBJC_ARC = YES;
				CLANG_ENABLE_OBJC_WEAK = YES;
				CLANG_WARN_BLOCK_CAPTURE_AUTORELEASING = YES;
				CLANG_WARN_BOOL_CONVERSION = YES;
				CLANG_WARN_COMMA = YES;
				CLANG_WARN_CONSTANT_CONVERSION = YES;
				CLANG_WARN_DEPRECATED_OBJC_IMPLEMENTATIONS = YES;
				CLANG_WARN_DIRECT_OBJC_ISA_USAGE = YES_ERROR;
				CLANG_WARN_DOCUMENTATION_COMMENTS = YES;
				CLANG_WARN_EMPTY_BODY = YES;
				CLANG_WARN_ENUM_CONVERSION = YES;
				CLANG_WARN_INFINITE_RECURSION = YES;
				CLANG_WARN_INT_CONVERSION = YES;
				CLANG_WARN_NON_LITERAL_NULL_CONVERSION = YES;
				CLANG_WARN_OBJC_IMPLICIT_RETAIN_SELF = YES;
				CLANG_WARN_OBJC_LITERAL_CONVERSION = YES;
				CLANG_WARN_OBJC_ROOT_CLASS = YES_ERROR;
				CLANG_WARN_QUOTED_INCLUDE_IN_FRAMEWORK_HEADER = YES;
				CLANG_WARN_RANGE_LOOP_ANALYSIS = YES;
				CLANG_WARN_STRICT_PROTOTYPES = YES;
				CLANG_WARN_SUSPICIOUS_MOVE = YES;
				CLANG_WARN_UNGUARDED_AVAILABILITY = YES_AGGRESSIVE;
				CLANG_WARN_UNREACHABLE_CODE = YES;
				CLANG_WARN__DUPLICATE_METHOD_MATCH = YES;
				COPY_PHASE_STRIP = NO;
				DEBUG_INFORMATION_FORMAT = dwarf;
				DEVELOPMENT_TEAM = 83M6XE3N4T;
				ENABLE_STRICT_OBJC_MSGSEND = YES;
				ENABLE_TESTABILITY = YES;
				ENABLE_USER_SCRIPT_SANDBOXING = YES;
				GCC_C_LANGUAGE_STANDARD = gnu17;
				GCC_DYNAMIC_NO_PIC = NO;
				GCC_NO_COMMON_BLOCKS = YES;
				GCC_OPTIMIZATION_LEVEL = 0;
				GCC_PREPROCESSOR_DEFINITIONS = (
					"DEBUG=1",
					"$(inherited)",
				);
				GCC_WARN_64_TO_32_BIT_CONVERSION = YES;
				GCC_WARN_ABOUT_RETURN_TYPE = YES_ERROR;
				GCC_WARN_UNDECLARED_SELECTOR = YES;
				GCC_WARN_UNINITIALIZED_AUTOS = YES_AGGRESSIVE;
				GCC_WARN_UNUSED_FUNCTION = YES;
				GCC_WARN_UNUSED_VARIABLE = YES;
				LOCALIZATION_PREFERS_STRING_CATALOGS = YES;
				MACOSX_DEPLOYMENT_TARGET = 26.2;
				MTL_ENABLE_DEBUG_INFO = INCLUDE_SOURCE;
				MTL_FAST_MATH = YES;
				ONLY_ACTIVE_ARCH = YES;
				SDKROOT = macosx;
				SWIFT_ACTIVE_COMPILATION_CONDITIONS = "DEBUG $(inherited)";
				SWIFT_OPTIMIZATION_LEVEL = "-Onone";
			};
			name = Debug;
		};
		412F31872F5EE380002B150F /* Release */ = {
			isa = XCBuildConfiguration;
			buildSettings = {
				ALWAYS_SEARCH_USER_PATHS = NO;
				ASSETCATALOG_COMPILER_GENERATE_SWIFT_ASSET_SYMBOL_EXTENSIONS = YES;
				CLANG_ANALYZER_NONNULL = YES;
				CLANG_ANALYZER_NUMBER_OBJECT_CONVERSION = YES_AGGRESSIVE;
				CLANG_CXX_LANGUAGE_STANDARD = "gnu++20";
				CLANG_ENABLE_MODULES = YES;
				CLANG_ENABLE_OBJC_ARC = YES;
				CLANG_ENABLE_OBJC_WEAK = YES;
				CLANG_WARN_BLOCK_CAPTURE_AUTORELEASING = YES;
				CLANG_WARN_BOOL_CONVERSION = YES;
				CLANG_WARN_COMMA = YES;
				CLANG_WARN_CONSTANT_CONVERSION = YES;
				CLANG_WARN_DEPRECATED_OBJC_IMPLEMENTATIONS = YES;
				CLANG_WARN_DIRECT_OBJC_ISA_USAGE = YES_ERROR;
				CLANG_WARN_DOCUMENTATION_COMMENTS = YES;
				CLANG_WARN_EMPTY_BODY = YES;
				CLANG_WARN_ENUM_CONVERSION = YES;
				CLANG_WARN_INFINITE_RECURSION = YES;
				CLANG_WARN_INT_CONVERSION = YES;
				CLANG_WARN_NON_LITERAL_NULL_CONVERSION = YES;
				CLANG_WARN_OBJC_IMPLICIT_RETAIN_SELF = YES;
				CLANG_WARN_OBJC_LITERAL_CONVERSION = YES;
				CLANG_WARN_OBJC_ROOT_CLASS = YES_ERROR;
				CLANG_WARN_QUOTED_INCLUDE_IN_FRAMEWORK_HEADER = YES;
				CLANG_WARN_RANGE_LOOP_ANALYSIS = YES;
				CLANG_WARN_STRICT_PROTOTYPES = YES;
				CLANG_WARN_SUSPICIOUS_MOVE = YES;
				CLANG_WARN_UNGUARDED_AVAILABILITY = YES_AGGRESSIVE;
				CLANG_WARN_UNREACHABLE_CODE = YES;
				CLANG_WARN__DUPLICATE_METHOD_MATCH = YES;
				COPY_PHASE_STRIP = NO;
				DEBUG_INFORMATION_FORMAT = "dwarf-with-dsym";
				DEVELOPMENT_TEAM = 83M6XE3N4T;
				ENABLE_NS_ASSERTIONS = NO;
				ENABLE_STRICT_OBJC_MSGSEND = YES;
				ENABLE_USER_SCRIPT_SANDBOXING = YES;
				GCC_C_LANGUAGE_STANDARD = gnu17;
				GCC_NO_COMMON_BLOCKS = YES;
				GCC_WARN_64_TO_32_BIT_CONVERSION = YES;
				GCC_WARN_ABOUT_RETURN_TYPE = YES_ERROR;
				GCC_WARN_UNDECLARED_SELECTOR = YES;
				GCC_WARN_UNINITIALIZED_AUTOS = YES_AGGRESSIVE;
				GCC_WARN_UNUSED_FUNCTION = YES;
				GCC_WARN_UNUSED_VARIABLE = YES;
				LOCALIZATION_PREFERS_STRING_CATALOGS = YES;
				MACOSX_DEPLOYMENT_TARGET = 26.2;
				MTL_ENABLE_DEBUG_INFO = NO;
				MTL_FAST_MATH = YES;
				SDKROOT = macosx;
				SWIFT_COMPILATION_MODE = wholemodule;
			};
			name = Release;
		};
		412F31892F5EE380002B150F /* Debug */ = {
			isa = XCBuildConfiguration;
			buildSettings = {
				ASSETCATALOG_COMPILER_APPICON_NAME = AppIcon;
				ASSETCATALOG_COMPILER_GLOBAL_ACCENT_COLOR_NAME = AccentColor;
				CLANG_ENABLE_MODULES = YES;
				CODE_SIGN_STYLE = Automatic;
				COMBINE_HIDPI_IMAGES = YES;
				CURRENT_PROJECT_VERSION = 1;
				DEVELOPMENT_TEAM = 83M6XE3N4T;
				ENABLE_APP_SANDBOX = YES;
				ENABLE_HARDENED_RUNTIME = YES;
				ENABLE_PREVIEWS = YES;
				ENABLE_USER_SELECTED_FILES = readonly;
				GENERATE_INFOPLIST_FILE = YES;
				INFOPLIST_KEY_NSHumanReadableCopyright = "";
				LD_RUNPATH_SEARCH_PATHS = (
					"$(inherited)",
					"@executable_path/../Frameworks",
				);
				MARKETING_VERSION = 1.0;
				PRODUCT_BUNDLE_IDENTIFIER = multiply.sign.WifiGrapher;
				PRODUCT_NAME = "$(TARGET_NAME)";
				REGISTER_APP_GROUPS = YES;
				STRING_CATALOG_GENERATE_SYMBOLS = YES;
				SWIFT_APPROACHABLE_CONCURRENCY = YES;
				SWIFT_DEFAULT_ACTOR_ISOLATION = MainActor;
				SWIFT_EMIT_LOC_STRINGS = YES;
				SWIFT_OBJC_BRIDGING_HEADER = "WifiGrapher/WifiGrapher-Bridging-Header.h";
				SWIFT_OPTIMIZATION_LEVEL = "-Onone";
				SWIFT_UPCOMING_FEATURE_MEMBER_IMPORT_VISIBILITY = YES;
				SWIFT_VERSION = 5.0;
			};
			name = Debug;
		};
		412F318A2F5EE380002B150F /* Release */ = {
			isa = XCBuildConfiguration;
			buildSettings = {
				ASSETCATALOG_COMPILER_APPICON_NAME = AppIcon;
				ASSETCATALOG_COMPILER_GLOBAL_ACCENT_COLOR_NAME = AccentColor;
				CLANG_ENABLE_MODULES = YES;
				CODE_SIGN_STYLE = Automatic;
				COMBINE_HIDPI_IMAGES = YES;
				CURRENT_PROJECT_VERSION = 1;
				DEVELOPMENT_TEAM = 83M6XE3N4T;
				ENABLE_APP_SANDBOX = YES;
				ENABLE_HARDENED_RUNTIME = YES;
				ENABLE_PREVIEWS = YES;
				ENABLE_USER_SELECTED_FILES = readonly;
				GENERATE_INFOPLIST_FILE = YES;
				INFOPLIST_KEY_NSHumanReadableCopyright = "";
				LD_RUNPATH_SEARCH_PATHS = (
					"$(inherited)",
					"@executable_path/../Frameworks",
				);
				MARKETING_VERSION = 1.0;
				PRODUCT_BUNDLE_IDENTIFIER = multiply.sign.WifiGrapher;
				PRODUCT_NAME = "$(TARGET_NAME)";
				REGISTER_APP_GROUPS = YES;
				STRING_CATALOG_GENERATE_SYMBOLS = YES;
				SWIFT_APPROACHABLE_CONCURRENCY = YES;
				SWIFT_DEFAULT_ACTOR_ISOLATION = MainActor;
				SWIFT_EMIT_LOC_STRINGS = YES;
				SWIFT_OBJC_BRIDGING_HEADER = "WifiGrapher/WifiGrapher-Bridging-Header.h";
				SWIFT_UPCOMING_FEATURE_MEMBER_IMPORT_VISIBILITY = YES;
				SWIFT_VERSION = 5.0;
			};
			name = Release;
		};
		419660E52F5F3040007E59DE /* Debug */ = {
			isa = XCBuildConfiguration;
			buildSettings = {
				BUNDLE_LOADER = "$(TEST_HOST)";
				CODE_SIGN_STYLE = Automatic;
				CURRENT_PROJECT_VERSION = 1;
				DEVELOPMENT_TEAM = 83M6XE3N4T;
				GENERATE_INFOPLIST_FILE = YES;
				MARKETING_VERSION = 1.0;
				PRODUCT_BUNDLE_IDENTIFIER = multiply.sign.WifiGrapherTests;
				PRODUCT_NAME = "$(TARGET_NAME)";
				STRING_CATALOG_GENERATE_SYMBOLS = NO;
				SWIFT_EMIT_LOC_STRINGS = NO;
				TEST_HOST = "$(BUILT_PRODUCTS_DIR)/WifiGrapher.app/$(BUNDLE_EXECUTABLE_FOLDER_PATH)/WifiGrapher";
			};
			name = Debug;
		};
		419660E62F5F3040007E59DE /* Release */ = {
			isa = XCBuildConfiguration;
			buildSettings = {
				BUNDLE_LOADER = "$(TEST_HOST)";
				CODE_SIGN_STYLE = Automatic;
				CURRENT_PROJECT_VERSION = 1;
				DEVELOPMENT_TEAM = 83M6XE3N4T;
				GENERATE_INFOPLIST_FILE = YES;
				MARKETING_VERSION = 1.0;
				PRODUCT_BUNDLE_IDENTIFIER = multiply.sign.WifiGrapherTests;
				PRODUCT_NAME = "$(TARGET_NAME)";
				STRING_CATALOG_GENERATE_SYMBOLS = NO;
				SWIFT_EMIT_LOC_STRINGS = NO;
				TEST_HOST = "$(BUILT_PRODUCTS_DIR)/WifiGrapher.app/$(BUNDLE_EXECUTABLE_FOLDER_PATH)/WifiGrapher";
			};
			name = Release;
		};
/* End XCBuildConfiguration section */

/* Begin XCConfigurationList section */
		412F31782F5EE380002B150F /* Build configuration list for PBXProject "WifiGrapher" */ = {
			isa = XCConfigurationList;
			buildConfigurations = (
				412F31862F5EE380002B150F /* Debug */,
				412F31872F5EE380002B150F /* Release */,
			);
			defaultConfigurationIsVisible = 0;
			defaultConfigurationName = Release;
		};
		412F31882F5EE380002B150F /* Build configuration list for PBXNativeTarget "WifiGrapher" */ = {
			isa = XCConfigurationList;
			buildConfigurations = (
				412F31892F5EE380002B150F /* Debug */,
				412F318A2F5EE380002B150F /* Release */,
			);
			defaultConfigurationIsVisible = 0;
			defaultConfigurationName = Release;
		};
		419660E42F5F3040007E59DE /* Build configuration list for PBXNativeTarget "WifiGrapherTests" */ = {
			isa = XCConfigurationList;
			buildConfigurations = (
				419660E52F5F3040007E59DE /* Debug */,
				419660E62F5F3040007E59DE /* Release */,
			);
			defaultConfigurationIsVisible = 0;
			defaultConfigurationName = Release;
		};
/* End XCConfigurationList section */

/* Begin XCRemoteSwiftPackageReference section */
		419660D92F5F2CB9007E59DE /* XCRemoteSwiftPackageReference "ocmock" */ = {
			isa = XCRemoteSwiftPackageReference;
			repositoryURL = "https://github.com/erikdoe/ocmock";
			requirement = {
				branch = master;
				kind = branch;
			};
		};
/* End XCRemoteSwiftPackageReference section */

/* Begin XCSwiftPackageProductDependency section */
		419660E82F5F305E007E59DE /* OCMock */ = {
			isa = XCSwiftPackageProductDependency;
			package = 419660D92F5F2CB9007E59DE /* XCRemoteSwiftPackageReference "ocmock" */;
			productName = OCMock;
		};
/* End XCSwiftPackageProductDependency section */
	};
	rootObject = 412F31752F5EE380002B150F /* Project object */;
}
